// !$*UTF8*$!
{
	archiveVersion = 1;
	classes = {
	};
	objectVersion = 54;
	objects = {

/* Begin PBXBuildFile section */
		058557BB273AAA24004C7B11 /* Assets.xcassets in Resources */ = {isa = PBXBuildFile; fileRef = 058557BA273AAA24004C7B11 /* Assets.xcassets */; };
		058557D9273AAEEB004C7B11 /* Preview Assets.xcassets in Resources */ = {isa = PBXBuildFile; fileRef = 058557D8273AAEEB004C7B11 /* Preview Assets.xcassets */; };
		2152FB042600AC8F00CF470E /* iOSApp.swift in Sources */ = {isa = PBXBuildFile; fileRef = 2152FB032600AC8F00CF470E /* iOSApp.swift */; };
		55E05A6F2AF7814C00A51B38 /* GoogleService-Info.plist in Resources */ = {isa = PBXBuildFile; fileRef = 55E05A6E2AF7814C00A51B38 /* GoogleService-Info.plist */; };
		55E05A722AF7821700A51B38 /* FirebaseAnalytics in Frameworks */ = {isa = PBXBuildFile; productRef = 55E05A712AF7821700A51B38 /* FirebaseAnalytics */; };
		55E05A742AF7821700A51B38 /* FirebaseAnalyticsOnDeviceConversion in Frameworks */ = {isa = PBXBuildFile; productRef = 55E05A732AF7821700A51B38 /* FirebaseAnalyticsOnDeviceConversion */; };
		55E05A762AF7821700A51B38 /* FirebaseAnalyticsSwift in Frameworks */ = {isa = PBXBuildFile; productRef = 55E05A752AF7821700A51B38 /* FirebaseAnalyticsSwift */; };
		55E05A782AF7821700A51B38 /* FirebaseAnalyticsWithoutAdIdSupport in Frameworks */ = {isa = PBXBuildFile; productRef = 55E05A772AF7821700A51B38 /* FirebaseAnalyticsWithoutAdIdSupport */; };
		55E05A7A2AF7821700A51B38 /* FirebaseAppCheck in Frameworks */ = {isa = PBXBuildFile; productRef = 55E05A792AF7821700A51B38 /* FirebaseAppCheck */; };
		55E355292AF945150053EB62 /* FirebaseAnalytics in Frameworks */ = {isa = PBXBuildFile; productRef = 55E355282AF945150053EB62 /* FirebaseAnalytics */; };
		55E3552B2AF945150053EB62 /* FirebaseAnalyticsOnDeviceConversion in Frameworks */ = {isa = PBXBuildFile; productRef = 55E3552A2AF945150053EB62 /* FirebaseAnalyticsOnDeviceConversion */; };
		55E3552D2AF945150053EB62 /* FirebaseAnalyticsSwift in Frameworks */ = {isa = PBXBuildFile; productRef = 55E3552C2AF945150053EB62 /* FirebaseAnalyticsSwift */; };
		55E3552F2AF945150053EB62 /* FirebaseAnalyticsWithoutAdIdSupport in Frameworks */ = {isa = PBXBuildFile; productRef = 55E3552E2AF945150053EB62 /* FirebaseAnalyticsWithoutAdIdSupport */; };
		55E355312AF945150053EB62 /* FirebaseAppCheck in Frameworks */ = {isa = PBXBuildFile; productRef = 55E355302AF945150053EB62 /* FirebaseAppCheck */; };
		55E355332AF945150053EB62 /* FirebaseAppDistribution-Beta in Frameworks */ = {isa = PBXBuildFile; productRef = 55E355322AF945150053EB62 /* FirebaseAppDistribution-Beta */; };
		55E355352AF945150053EB62 /* FirebaseAuth in Frameworks */ = {isa = PBXBuildFile; productRef = 55E355342AF945150053EB62 /* FirebaseAuth */; };
		55E355372AF945150053EB62 /* FirebaseAuthCombine-Community in Frameworks */ = {isa = PBXBuildFile; productRef = 55E355362AF945150053EB62 /* FirebaseAuthCombine-Community */; };
		55E355392AF945150053EB62 /* FirebaseCrashlytics in Frameworks */ = {isa = PBXBuildFile; productRef = 55E355382AF945150053EB62 /* FirebaseCrashlytics */; };
		55E3553B2AF945150053EB62 /* FirebaseDatabase in Frameworks */ = {isa = PBXBuildFile; productRef = 55E3553A2AF945150053EB62 /* FirebaseDatabase */; };
		55E3553D2AF945150053EB62 /* FirebaseDatabaseSwift in Frameworks */ = {isa = PBXBuildFile; productRef = 55E3553C2AF945150053EB62 /* FirebaseDatabaseSwift */; };
		55E3553F2AF945150053EB62 /* FirebaseDynamicLinks in Frameworks */ = {isa = PBXBuildFile; productRef = 55E3553E2AF945150053EB62 /* FirebaseDynamicLinks */; };
		55E355412AF945150053EB62 /* FirebaseFirestore in Frameworks */ = {isa = PBXBuildFile; productRef = 55E355402AF945150053EB62 /* FirebaseFirestore */; };
		55E355432AF945150053EB62 /* FirebaseFirestoreCombine-Community in Frameworks */ = {isa = PBXBuildFile; productRef = 55E355422AF945150053EB62 /* FirebaseFirestoreCombine-Community */; };
		55E355452AF945150053EB62 /* FirebaseFirestoreSwift in Frameworks */ = {isa = PBXBuildFile; productRef = 55E355442AF945150053EB62 /* FirebaseFirestoreSwift */; };
		55E355472AF945150053EB62 /* FirebaseFunctions in Frameworks */ = {isa = PBXBuildFile; productRef = 55E355462AF945150053EB62 /* FirebaseFunctions */; };
		55E355492AF945150053EB62 /* FirebaseFunctionsCombine-Community in Frameworks */ = {isa = PBXBuildFile; productRef = 55E355482AF945150053EB62 /* FirebaseFunctionsCombine-Community */; };
		55E3554B2AF945150053EB62 /* FirebaseInAppMessaging-Beta in Frameworks */ = {isa = PBXBuildFile; productRef = 55E3554A2AF945150053EB62 /* FirebaseInAppMessaging-Beta */; };
		55E3554D2AF945150053EB62 /* FirebaseInAppMessagingSwift-Beta in Frameworks */ = {isa = PBXBuildFile; productRef = 55E3554C2AF945150053EB62 /* FirebaseInAppMessagingSwift-Beta */; };
		55E3554F2AF945150053EB62 /* FirebaseInstallations in Frameworks */ = {isa = PBXBuildFile; productRef = 55E3554E2AF945150053EB62 /* FirebaseInstallations */; };
		55E355512AF945150053EB62 /* FirebaseMLModelDownloader in Frameworks */ = {isa = PBXBuildFile; productRef = 55E355502AF945150053EB62 /* FirebaseMLModelDownloader */; };
		55E355532AF945150053EB62 /* FirebaseMessaging in Frameworks */ = {isa = PBXBuildFile; productRef = 55E355522AF945150053EB62 /* FirebaseMessaging */; };
		55E355552AF945150053EB62 /* FirebasePerformance in Frameworks */ = {isa = PBXBuildFile; productRef = 55E355542AF945150053EB62 /* FirebasePerformance */; };
		55E355572AF945150053EB62 /* FirebaseRemoteConfig in Frameworks */ = {isa = PBXBuildFile; productRef = 55E355562AF945150053EB62 /* FirebaseRemoteConfig */; };
		55E355592AF945150053EB62 /* FirebaseRemoteConfigSwift in Frameworks */ = {isa = PBXBuildFile; productRef = 55E355582AF945150053EB62 /* FirebaseRemoteConfigSwift */; };
		55E3555B2AF945150053EB62 /* FirebaseStorage in Frameworks */ = {isa = PBXBuildFile; productRef = 55E3555A2AF945150053EB62 /* FirebaseStorage */; };
		55E3555D2AF945150053EB62 /* FirebaseStorageCombine-Community in Frameworks */ = {isa = PBXBuildFile; productRef = 55E3555C2AF945150053EB62 /* FirebaseStorageCombine-Community */; };
		55E3555F2AF945670053EB62 /* FirebaseAnalytics in Frameworks */ = {isa = PBXBuildFile; productRef = 55E3555E2AF945670053EB62 /* FirebaseAnalytics */; };
		55E355612AF945670053EB62 /* FirebaseAnalyticsOnDeviceConversion in Frameworks */ = {isa = PBXBuildFile; productRef = 55E355602AF945670053EB62 /* FirebaseAnalyticsOnDeviceConversion */; };
		55E355632AF945670053EB62 /* FirebaseAnalyticsSwift in Frameworks */ = {isa = PBXBuildFile; productRef = 55E355622AF945670053EB62 /* FirebaseAnalyticsSwift */; };
		55E355652AF945670053EB62 /* FirebaseAnalyticsWithoutAdIdSupport in Frameworks */ = {isa = PBXBuildFile; productRef = 55E355642AF945670053EB62 /* FirebaseAnalyticsWithoutAdIdSupport */; };
		55E355672AF945670053EB62 /* FirebaseAppCheck in Frameworks */ = {isa = PBXBuildFile; productRef = 55E355662AF945670053EB62 /* FirebaseAppCheck */; };
		55E355692AF945670053EB62 /* FirebaseAppDistribution-Beta in Frameworks */ = {isa = PBXBuildFile; productRef = 55E355682AF945670053EB62 /* FirebaseAppDistribution-Beta */; };
		55E3556B2AF945670053EB62 /* FirebaseAuth in Frameworks */ = {isa = PBXBuildFile; productRef = 55E3556A2AF945670053EB62 /* FirebaseAuth */; };
		55E3556D2AF945670053EB62 /* FirebaseAuthCombine-Community in Frameworks */ = {isa = PBXBuildFile; productRef = 55E3556C2AF945670053EB62 /* FirebaseAuthCombine-Community */; };
		55E3556F2AF945670053EB62 /* FirebaseCrashlytics in Frameworks */ = {isa = PBXBuildFile; productRef = 55E3556E2AF945670053EB62 /* FirebaseCrashlytics */; };
		55E355712AF945670053EB62 /* FirebaseDatabase in Frameworks */ = {isa = PBXBuildFile; productRef = 55E355702AF945670053EB62 /* FirebaseDatabase */; };
		55E355732AF945670053EB62 /* FirebaseDatabaseSwift in Frameworks */ = {isa = PBXBuildFile; productRef = 55E355722AF945670053EB62 /* FirebaseDatabaseSwift */; };
		55E355752AF945670053EB62 /* FirebaseDynamicLinks in Frameworks */ = {isa = PBXBuildFile; productRef = 55E355742AF945670053EB62 /* FirebaseDynamicLinks */; };
		55E355772AF945670053EB62 /* FirebaseFirestore in Frameworks */ = {isa = PBXBuildFile; productRef = 55E355762AF945670053EB62 /* FirebaseFirestore */; };
		55E355792AF945670053EB62 /* FirebaseFirestoreCombine-Community in Frameworks */ = {isa = PBXBuildFile; productRef = 55E355782AF945670053EB62 /* FirebaseFirestoreCombine-Community */; };
		55E3557B2AF945670053EB62 /* FirebaseFirestoreSwift in Frameworks */ = {isa = PBXBuildFile; productRef = 55E3557A2AF945670053EB62 /* FirebaseFirestoreSwift */; };
		55E3557D2AF945670053EB62 /* FirebaseFunctions in Frameworks */ = {isa = PBXBuildFile; productRef = 55E3557C2AF945670053EB62 /* FirebaseFunctions */; };
		55E3557F2AF945670053EB62 /* FirebaseFunctionsCombine-Community in Frameworks */ = {isa = PBXBuildFile; productRef = 55E3557E2AF945670053EB62 /* FirebaseFunctionsCombine-Community */; };
		55E355812AF945670053EB62 /* FirebaseInAppMessaging-Beta in Frameworks */ = {isa = PBXBuildFile; productRef = 55E355802AF945670053EB62 /* FirebaseInAppMessaging-Beta */; };
		55E355832AF945670053EB62 /* FirebaseInAppMessagingSwift-Beta in Frameworks */ = {isa = PBXBuildFile; productRef = 55E355822AF945670053EB62 /* FirebaseInAppMessagingSwift-Beta */; };
		55E355852AF945670053EB62 /* FirebaseInstallations in Frameworks */ = {isa = PBXBuildFile; productRef = 55E355842AF945670053EB62 /* FirebaseInstallations */; };
		55E355872AF945670053EB62 /* FirebaseMLModelDownloader in Frameworks */ = {isa = PBXBuildFile; productRef = 55E355862AF945670053EB62 /* FirebaseMLModelDownloader */; };
		55E355892AF945670053EB62 /* FirebaseMessaging in Frameworks */ = {isa = PBXBuildFile; productRef = 55E355882AF945670053EB62 /* FirebaseMessaging */; };
		55E3558B2AF945670053EB62 /* FirebasePerformance in Frameworks */ = {isa = PBXBuildFile; productRef = 55E3558A2AF945670053EB62 /* FirebasePerformance */; };
		55E3558D2AF945670053EB62 /* FirebaseRemoteConfig in Frameworks */ = {isa = PBXBuildFile; productRef = 55E3558C2AF945670053EB62 /* FirebaseRemoteConfig */; };
		55E3558F2AF945670053EB62 /* FirebaseRemoteConfigSwift in Frameworks */ = {isa = PBXBuildFile; productRef = 55E3558E2AF945670053EB62 /* FirebaseRemoteConfigSwift */; };
		55E355912AF945670053EB62 /* FirebaseStorage in Frameworks */ = {isa = PBXBuildFile; productRef = 55E355902AF945670053EB62 /* FirebaseStorage */; };
		55E355932AF945670053EB62 /* FirebaseStorageCombine-Community in Frameworks */ = {isa = PBXBuildFile; productRef = 55E355922AF945670053EB62 /* FirebaseStorageCombine-Community */; };
		7555FF83242A565900829871 /* ContentView.swift in Sources */ = {isa = PBXBuildFile; fileRef = 7555FF82242A565900829871 /* ContentView.swift */; };
		CFDB58B53BB94DE262B13C24 /* Pods_iosApp.framework in Frameworks */ = {isa = PBXBuildFile; fileRef = 6B1049432C0C2B312090ABF6 /* Pods_iosApp.framework */; };
/* End PBXBuildFile section */

/* Begin PBXFileReference section */
		058557BA273AAA24004C7B11 /* Assets.xcassets */ = {isa = PBXFileReference; lastKnownFileType = folder.assetcatalog; path = Assets.xcassets; sourceTree = "<group>"; };
		058557D8273AAEEB004C7B11 /* Preview Assets.xcassets */ = {isa = PBXFileReference; lastKnownFileType = folder.assetcatalog; path = "Preview Assets.xcassets"; sourceTree = "<group>"; };
		2152FB032600AC8F00CF470E /* iOSApp.swift */ = {isa = PBXFileReference; lastKnownFileType = sourcecode.swift; path = iOSApp.swift; sourceTree = "<group>"; };
		4FF3202A603A284706412EDC /* Pods-iosApp.debug.xcconfig */ = {isa = PBXFileReference; includeInIndex = 1; lastKnownFileType = text.xcconfig; name = "Pods-iosApp.debug.xcconfig"; path = "Target Support Files/Pods-iosApp/Pods-iosApp.debug.xcconfig"; sourceTree = "<group>"; };
		55E05A6E2AF7814C00A51B38 /* GoogleService-Info.plist */ = {isa = PBXFileReference; fileEncoding = 4; lastKnownFileType = text.plist.xml; name = "GoogleService-Info.plist"; path = "../../../../../../Downloads/GoogleService-Info.plist"; sourceTree = "<group>"; };
		6B1049432C0C2B312090ABF6 /* Pods_iosApp.framework */ = {isa = PBXFileReference; explicitFileType = wrapper.framework; includeInIndex = 0; path = Pods_iosApp.framework; sourceTree = BUILT_PRODUCTS_DIR; };
		7555FF7B242A565900829871 /* Beep Beep.app */ = {isa = PBXFileReference; explicitFileType = wrapper.application; includeInIndex = 0; path = "Beep Beep.app"; sourceTree = BUILT_PRODUCTS_DIR; };
		7555FF82242A565900829871 /* ContentView.swift */ = {isa = PBXFileReference; lastKnownFileType = sourcecode.swift; path = ContentView.swift; sourceTree = "<group>"; };
		7555FF8C242A565B00829871 /* Info.plist */ = {isa = PBXFileReference; lastKnownFileType = text.plist.xml; path = Info.plist; sourceTree = "<group>"; };
		AB3632DC29227652001CCB65 /* Config.xcconfig */ = {isa = PBXFileReference; fileEncoding = 4; lastKnownFileType = text.xcconfig; path = Config.xcconfig; sourceTree = "<group>"; };
		FF8CA3F5360CEAB49D74065F /* Pods-iosApp.release.xcconfig */ = {isa = PBXFileReference; includeInIndex = 1; lastKnownFileType = text.xcconfig; name = "Pods-iosApp.release.xcconfig"; path = "Target Support Files/Pods-iosApp/Pods-iosApp.release.xcconfig"; sourceTree = "<group>"; };
/* End PBXFileReference section */

/* Begin PBXFrameworksBuildPhase section */
		F85CB1118929364A9C6EFABC /* Frameworks */ = {
			isa = PBXFrameworksBuildPhase;
			buildActionMask = 2147483647;
			files = (
				55E355672AF945670053EB62 /* FirebaseAppCheck in Frameworks */,
				55E355632AF945670053EB62 /* FirebaseAnalyticsSwift in Frameworks */,
				55E3552D2AF945150053EB62 /* FirebaseAnalyticsSwift in Frameworks */,
				55E3556F2AF945670053EB62 /* FirebaseCrashlytics in Frameworks */,
				55E3552F2AF945150053EB62 /* FirebaseAnalyticsWithoutAdIdSupport in Frameworks */,
				55E355812AF945670053EB62 /* FirebaseInAppMessaging-Beta in Frameworks */,
				55E355292AF945150053EB62 /* FirebaseAnalytics in Frameworks */,
				55E05A762AF7821700A51B38 /* FirebaseAnalyticsSwift in Frameworks */,
				55E355552AF945150053EB62 /* FirebasePerformance in Frameworks */,
				55E355732AF945670053EB62 /* FirebaseDatabaseSwift in Frameworks */,
				55E3555B2AF945150053EB62 /* FirebaseStorage in Frameworks */,
				55E3555F2AF945670053EB62 /* FirebaseAnalytics in Frameworks */,
				55E355712AF945670053EB62 /* FirebaseDatabase in Frameworks */,
				55E355412AF945150053EB62 /* FirebaseFirestore in Frameworks */,
				55E3558B2AF945670053EB62 /* FirebasePerformance in Frameworks */,
				55E3557F2AF945670053EB62 /* FirebaseFunctionsCombine-Community in Frameworks */,
				55E05A782AF7821700A51B38 /* FirebaseAnalyticsWithoutAdIdSupport in Frameworks */,
				55E355752AF945670053EB62 /* FirebaseDynamicLinks in Frameworks */,
				55E3557D2AF945670053EB62 /* FirebaseFunctions in Frameworks */,
				55E355852AF945670053EB62 /* FirebaseInstallations in Frameworks */,
				55E355772AF945670053EB62 /* FirebaseFirestore in Frameworks */,
				55E355492AF945150053EB62 /* FirebaseFunctionsCombine-Community in Frameworks */,
				55E355932AF945670053EB62 /* FirebaseStorageCombine-Community in Frameworks */,
				55E3556D2AF945670053EB62 /* FirebaseAuthCombine-Community in Frameworks */,
				55E355912AF945670053EB62 /* FirebaseStorage in Frameworks */,
				55E355592AF945150053EB62 /* FirebaseRemoteConfigSwift in Frameworks */,
				55E3553F2AF945150053EB62 /* FirebaseDynamicLinks in Frameworks */,
				55E355572AF945150053EB62 /* FirebaseRemoteConfig in Frameworks */,
				55E355652AF945670053EB62 /* FirebaseAnalyticsWithoutAdIdSupport in Frameworks */,
				55E355372AF945150053EB62 /* FirebaseAuthCombine-Community in Frameworks */,
				55E3557B2AF945670053EB62 /* FirebaseFirestoreSwift in Frameworks */,
				55E3553B2AF945150053EB62 /* FirebaseDatabase in Frameworks */,
				55E355472AF945150053EB62 /* FirebaseFunctions in Frameworks */,
				55E3554B2AF945150053EB62 /* FirebaseInAppMessaging-Beta in Frameworks */,
				55E355612AF945670053EB62 /* FirebaseAnalyticsOnDeviceConversion in Frameworks */,
				55E05A722AF7821700A51B38 /* FirebaseAnalytics in Frameworks */,
				55E05A742AF7821700A51B38 /* FirebaseAnalyticsOnDeviceConversion in Frameworks */,
				55E05A7A2AF7821700A51B38 /* FirebaseAppCheck in Frameworks */,
				55E355832AF945670053EB62 /* FirebaseInAppMessagingSwift-Beta in Frameworks */,
				55E3554F2AF945150053EB62 /* FirebaseInstallations in Frameworks */,
				55E355532AF945150053EB62 /* FirebaseMessaging in Frameworks */,
				CFDB58B53BB94DE262B13C24 /* Pods_iosApp.framework in Frameworks */,
				55E3555D2AF945150053EB62 /* FirebaseStorageCombine-Community in Frameworks */,
				55E355792AF945670053EB62 /* FirebaseFirestoreCombine-Community in Frameworks */,
				55E355432AF945150053EB62 /* FirebaseFirestoreCombine-Community in Frameworks */,
				55E355892AF945670053EB62 /* FirebaseMessaging in Frameworks */,
				55E355692AF945670053EB62 /* FirebaseAppDistribution-Beta in Frameworks */,
				55E3554D2AF945150053EB62 /* FirebaseInAppMessagingSwift-Beta in Frameworks */,
				55E3556B2AF945670053EB62 /* FirebaseAuth in Frameworks */,
				55E3552B2AF945150053EB62 /* FirebaseAnalyticsOnDeviceConversion in Frameworks */,
				55E3558D2AF945670053EB62 /* FirebaseRemoteConfig in Frameworks */,
				55E355352AF945150053EB62 /* FirebaseAuth in Frameworks */,
				55E355392AF945150053EB62 /* FirebaseCrashlytics in Frameworks */,
				55E355452AF945150053EB62 /* FirebaseFirestoreSwift in Frameworks */,
				55E3553D2AF945150053EB62 /* FirebaseDatabaseSwift in Frameworks */,
				55E3558F2AF945670053EB62 /* FirebaseRemoteConfigSwift in Frameworks */,
				55E355512AF945150053EB62 /* FirebaseMLModelDownloader in Frameworks */,
				55E355872AF945670053EB62 /* FirebaseMLModelDownloader in Frameworks */,
				55E355312AF945150053EB62 /* FirebaseAppCheck in Frameworks */,
				55E355332AF945150053EB62 /* FirebaseAppDistribution-Beta in Frameworks */,
			);
			runOnlyForDeploymentPostprocessing = 0;
		};
/* End PBXFrameworksBuildPhase section */

/* Begin PBXGroup section */
		058557D7273AAEEB004C7B11 /* Preview Content */ = {
			isa = PBXGroup;
			children = (
				058557D8273AAEEB004C7B11 /* Preview Assets.xcassets */,
			);
			path = "Preview Content";
			sourceTree = "<group>";
		};
		42799AB246E5F90AF97AA0EF /* Frameworks */ = {
			isa = PBXGroup;
			children = (
				6B1049432C0C2B312090ABF6 /* Pods_iosApp.framework */,
			);
			name = Frameworks;
			sourceTree = "<group>";
		};
		7555FF72242A565900829871 = {
			isa = PBXGroup;
			children = (
				AB1DB47929225F7C00F7AF9C /* Configuration */,
				7555FF7D242A565900829871 /* iosApp */,
				7555FF7C242A565900829871 /* Products */,
				FEFF387C0A8D172AA4D59CAE /* Pods */,
				42799AB246E5F90AF97AA0EF /* Frameworks */,
			);
			sourceTree = "<group>";
		};
		7555FF7C242A565900829871 /* Products */ = {
			isa = PBXGroup;
			children = (
				7555FF7B242A565900829871 /* Beep Beep.app */,
			);
			name = Products;
			sourceTree = "<group>";
		};
		7555FF7D242A565900829871 /* iosApp */ = {
			isa = PBXGroup;
			children = (
				058557BA273AAA24004C7B11 /* Assets.xcassets */,
				7555FF82242A565900829871 /* ContentView.swift */,
				55E05A6E2AF7814C00A51B38 /* GoogleService-Info.plist */,
				7555FF8C242A565B00829871 /* Info.plist */,
				2152FB032600AC8F00CF470E /* iOSApp.swift */,
				058557D7273AAEEB004C7B11 /* Preview Content */,
			);
			path = iosApp;
			sourceTree = "<group>";
		};
		AB1DB47929225F7C00F7AF9C /* Configuration */ = {
			isa = PBXGroup;
			children = (
				AB3632DC29227652001CCB65 /* Config.xcconfig */,
			);
			path = Configuration;
			sourceTree = "<group>";
		};
		FEFF387C0A8D172AA4D59CAE /* Pods */ = {
			isa = PBXGroup;
			children = (
				4FF3202A603A284706412EDC /* Pods-iosApp.debug.xcconfig */,
				FF8CA3F5360CEAB49D74065F /* Pods-iosApp.release.xcconfig */,
			);
			path = Pods;
			sourceTree = "<group>";
		};
/* End PBXGroup section */

/* Begin PBXNativeTarget section */
		7555FF7A242A565900829871 /* iosApp */ = {
			isa = PBXNativeTarget;
			buildConfigurationList = 7555FFA5242A565B00829871 /* Build configuration list for PBXNativeTarget "iosApp" */;
			buildPhases = (
				98D614C51D2DA07C614CC46E /* [CP] Check Pods Manifest.lock */,
				7555FF77242A565900829871 /* Sources */,
				7555FF79242A565900829871 /* Resources */,
				F85CB1118929364A9C6EFABC /* Frameworks */,
				BF1D89853DE5EB4832A916DD /* [CP] Copy Pods Resources */,
				FF27C532F31CFC83A5F775B4 /* [CP] Embed Pods Frameworks */,
			);
			buildRules = (
			);
			dependencies = (
			);
			name = iosApp;
			packageProductDependencies = (
				55E05A712AF7821700A51B38 /* FirebaseAnalytics */,
				55E05A732AF7821700A51B38 /* FirebaseAnalyticsOnDeviceConversion */,
				55E05A752AF7821700A51B38 /* FirebaseAnalyticsSwift */,
				55E05A772AF7821700A51B38 /* FirebaseAnalyticsWithoutAdIdSupport */,
				55E05A792AF7821700A51B38 /* FirebaseAppCheck */,
				55E355282AF945150053EB62 /* FirebaseAnalytics */,
				55E3552A2AF945150053EB62 /* FirebaseAnalyticsOnDeviceConversion */,
				55E3552C2AF945150053EB62 /* FirebaseAnalyticsSwift */,
				55E3552E2AF945150053EB62 /* FirebaseAnalyticsWithoutAdIdSupport */,
				55E355302AF945150053EB62 /* FirebaseAppCheck */,
				55E355322AF945150053EB62 /* FirebaseAppDistribution-Beta */,
				55E355342AF945150053EB62 /* FirebaseAuth */,
				55E355362AF945150053EB62 /* FirebaseAuthCombine-Community */,
				55E355382AF945150053EB62 /* FirebaseCrashlytics */,
				55E3553A2AF945150053EB62 /* FirebaseDatabase */,
				55E3553C2AF945150053EB62 /* FirebaseDatabaseSwift */,
				55E3553E2AF945150053EB62 /* FirebaseDynamicLinks */,
				55E355402AF945150053EB62 /* FirebaseFirestore */,
				55E355422AF945150053EB62 /* FirebaseFirestoreCombine-Community */,
				55E355442AF945150053EB62 /* FirebaseFirestoreSwift */,
				55E355462AF945150053EB62 /* FirebaseFunctions */,
				55E355482AF945150053EB62 /* FirebaseFunctionsCombine-Community */,
				55E3554A2AF945150053EB62 /* FirebaseInAppMessaging-Beta */,
				55E3554C2AF945150053EB62 /* FirebaseInAppMessagingSwift-Beta */,
				55E3554E2AF945150053EB62 /* FirebaseInstallations */,
				55E355502AF945150053EB62 /* FirebaseMLModelDownloader */,
				55E355522AF945150053EB62 /* FirebaseMessaging */,
				55E355542AF945150053EB62 /* FirebasePerformance */,
				55E355562AF945150053EB62 /* FirebaseRemoteConfig */,
				55E355582AF945150053EB62 /* FirebaseRemoteConfigSwift */,
				55E3555A2AF945150053EB62 /* FirebaseStorage */,
				55E3555C2AF945150053EB62 /* FirebaseStorageCombine-Community */,
				55E3555E2AF945670053EB62 /* FirebaseAnalytics */,
				55E355602AF945670053EB62 /* FirebaseAnalyticsOnDeviceConversion */,
				55E355622AF945670053EB62 /* FirebaseAnalyticsSwift */,
				55E355642AF945670053EB62 /* FirebaseAnalyticsWithoutAdIdSupport */,
				55E355662AF945670053EB62 /* FirebaseAppCheck */,
				55E355682AF945670053EB62 /* FirebaseAppDistribution-Beta */,
				55E3556A2AF945670053EB62 /* FirebaseAuth */,
				55E3556C2AF945670053EB62 /* FirebaseAuthCombine-Community */,
				55E3556E2AF945670053EB62 /* FirebaseCrashlytics */,
				55E355702AF945670053EB62 /* FirebaseDatabase */,
				55E355722AF945670053EB62 /* FirebaseDatabaseSwift */,
				55E355742AF945670053EB62 /* FirebaseDynamicLinks */,
				55E355762AF945670053EB62 /* FirebaseFirestore */,
				55E355782AF945670053EB62 /* FirebaseFirestoreCombine-Community */,
				55E3557A2AF945670053EB62 /* FirebaseFirestoreSwift */,
				55E3557C2AF945670053EB62 /* FirebaseFunctions */,
				55E3557E2AF945670053EB62 /* FirebaseFunctionsCombine-Community */,
				55E355802AF945670053EB62 /* FirebaseInAppMessaging-Beta */,
				55E355822AF945670053EB62 /* FirebaseInAppMessagingSwift-Beta */,
				55E355842AF945670053EB62 /* FirebaseInstallations */,
				55E355862AF945670053EB62 /* FirebaseMLModelDownloader */,
				55E355882AF945670053EB62 /* FirebaseMessaging */,
				55E3558A2AF945670053EB62 /* FirebasePerformance */,
				55E3558C2AF945670053EB62 /* FirebaseRemoteConfig */,
				55E3558E2AF945670053EB62 /* FirebaseRemoteConfigSwift */,
				55E355902AF945670053EB62 /* FirebaseStorage */,
				55E355922AF945670053EB62 /* FirebaseStorageCombine-Community */,
			);
			productName = iosApp;
			productReference = 7555FF7B242A565900829871 /* Beep Beep.app */;
			productType = "com.apple.product-type.application";
		};
/* End PBXNativeTarget section */

/* Begin PBXProject section */
		7555FF73242A565900829871 /* Project object */ = {
			isa = PBXProject;
			attributes = {
				LastSwiftUpdateCheck = 1130;
				LastUpgradeCheck = 1130;
				ORGANIZATIONNAME = orgName;
				TargetAttributes = {
					7555FF7A242A565900829871 = {
						CreatedOnToolsVersion = 11.3.1;
					};
				};
			};
			buildConfigurationList = 7555FF76242A565900829871 /* Build configuration list for PBXProject "iosApp" */;
			compatibilityVersion = "Xcode 9.3";
			developmentRegion = en;
			hasScannedForEncodings = 0;
			knownRegions = (
				en,
				Base,
			);
			mainGroup = 7555FF72242A565900829871;
			packageReferences = (
				55E05A702AF7821700A51B38 /* XCRemoteSwiftPackageReference "firebase-ios-sdk.git" */,
			);
			productRefGroup = 7555FF7C242A565900829871 /* Products */;
			projectDirPath = "";
			projectRoot = "";
			targets = (
				7555FF7A242A565900829871 /* iosApp */,
			);
		};
/* End PBXProject section */

/* Begin PBXResourcesBuildPhase section */
		7555FF79242A565900829871 /* Resources */ = {
			isa = PBXResourcesBuildPhase;
			buildActionMask = 2147483647;
			files = (
				058557D9273AAEEB004C7B11 /* Preview Assets.xcassets in Resources */,
				058557BB273AAA24004C7B11 /* Assets.xcassets in Resources */,
				55E05A6F2AF7814C00A51B38 /* GoogleService-Info.plist in Resources */,
			);
			runOnlyForDeploymentPostprocessing = 0;
		};
/* End PBXResourcesBuildPhase section */

/* Begin PBXShellScriptBuildPhase section */
		98D614C51D2DA07C614CC46E /* [CP] Check Pods Manifest.lock */ = {
			isa = PBXShellScriptBuildPhase;
			buildActionMask = 2147483647;
			files = (
			);
			inputFileListPaths = (
			);
			inputPaths = (
				"${PODS_PODFILE_DIR_PATH}/Podfile.lock",
				"${PODS_ROOT}/Manifest.lock",
			);
			name = "[CP] Check Pods Manifest.lock";
			outputFileListPaths = (
			);
			outputPaths = (
				"$(DERIVED_FILE_DIR)/Pods-iosApp-checkManifestLockResult.txt",
			);
			runOnlyForDeploymentPostprocessing = 0;
			shellPath = /bin/sh;
			shellScript = "diff \"${PODS_PODFILE_DIR_PATH}/Podfile.lock\" \"${PODS_ROOT}/Manifest.lock\" > /dev/null\nif [ $? != 0 ] ; then\n    # print error to STDERR\n    echo \"error: The sandbox is not in sync with the Podfile.lock. Run 'pod install' or update your CocoaPods installation.\" >&2\n    exit 1\nfi\n# This output is used by Xcode 'outputs' to avoid re-running this script phase.\necho \"SUCCESS\" > \"${SCRIPT_OUTPUT_FILE_0}\"\n";
			showEnvVarsInLog = 0;
		};
		BF1D89853DE5EB4832A916DD /* [CP] Copy Pods Resources */ = {
			isa = PBXShellScriptBuildPhase;
			buildActionMask = 2147483647;
			files = (
			);
			inputFileListPaths = (
				"${PODS_ROOT}/Target Support Files/Pods-iosApp/Pods-iosApp-resources-${CONFIGURATION}-input-files.xcfilelist",
			);
			name = "[CP] Copy Pods Resources";
			outputFileListPaths = (
				"${PODS_ROOT}/Target Support Files/Pods-iosApp/Pods-iosApp-resources-${CONFIGURATION}-output-files.xcfilelist",
			);
			runOnlyForDeploymentPostprocessing = 0;
			shellPath = /bin/sh;
			shellScript = "\"${PODS_ROOT}/Target Support Files/Pods-iosApp/Pods-iosApp-resources.sh\"\n";
			showEnvVarsInLog = 0;
		};
		FF27C532F31CFC83A5F775B4 /* [CP] Embed Pods Frameworks */ = {
			isa = PBXShellScriptBuildPhase;
			buildActionMask = 2147483647;
			files = (
			);
			inputFileListPaths = (
				"${PODS_ROOT}/Target Support Files/Pods-iosApp/Pods-iosApp-frameworks-${CONFIGURATION}-input-files.xcfilelist",
			);
			name = "[CP] Embed Pods Frameworks";
			outputFileListPaths = (
				"${PODS_ROOT}/Target Support Files/Pods-iosApp/Pods-iosApp-frameworks-${CONFIGURATION}-output-files.xcfilelist",
			);
			runOnlyForDeploymentPostprocessing = 0;
			shellPath = /bin/sh;
			shellScript = "\"${PODS_ROOT}/Target Support Files/Pods-iosApp/Pods-iosApp-frameworks.sh\"\n";
			showEnvVarsInLog = 0;
		};
/* End PBXShellScriptBuildPhase section */

/* Begin PBXSourcesBuildPhase section */
		7555FF77242A565900829871 /* Sources */ = {
			isa = PBXSourcesBuildPhase;
			buildActionMask = 2147483647;
			files = (
				2152FB042600AC8F00CF470E /* iOSApp.swift in Sources */,
				7555FF83242A565900829871 /* ContentView.swift in Sources */,
			);
			runOnlyForDeploymentPostprocessing = 0;
		};
/* End PBXSourcesBuildPhase section */

/* Begin XCBuildConfiguration section */
		7555FFA3242A565B00829871 /* Debug */ = {
			isa = XCBuildConfiguration;
			baseConfigurationReference = AB3632DC29227652001CCB65 /* Config.xcconfig */;
			buildSettings = {
				ALWAYS_SEARCH_USER_PATHS = NO;
				CLANG_ANALYZER_NONNULL = YES;
				CLANG_ANALYZER_NUMBER_OBJECT_CONVERSION = YES_AGGRESSIVE;
				CLANG_CXX_LANGUAGE_STANDARD = "gnu++14";
				CLANG_CXX_LIBRARY = "libc++";
				CLANG_ENABLE_MODULES = YES;
				CLANG_ENABLE_OBJC_ARC = YES;
				CLANG_ENABLE_OBJC_WEAK = YES;
				CLANG_WARN_BLOCK_CAPTURE_AUTORELEASING = YES;
				CLANG_WARN_BOOL_CONVERSION = YES;
				CLANG_WARN_COMMA = YES;
				CLANG_WARN_CONSTANT_CONVERSION = YES;
				CLANG_WARN_DEPRECATED_OBJC_IMPLEMENTATIONS = YES;
				CLANG_WARN_DIRECT_OBJC_ISA_USAGE = YES_ERROR;
				CLANG_WARN_DOCUMENTATION_COMMENTS = YES;
				CLANG_WARN_EMPTY_BODY = YES;
				CLANG_WARN_ENUM_CONVERSION = YES;
				CLANG_WARN_INFINITE_RECURSION = YES;
				CLANG_WARN_INT_CONVERSION = YES;
				CLANG_WARN_NON_LITERAL_NULL_CONVERSION = YES;
				CLANG_WARN_OBJC_IMPLICIT_RETAIN_SELF = YES;
				CLANG_WARN_OBJC_LITERAL_CONVERSION = YES;
				CLANG_WARN_OBJC_ROOT_CLASS = YES_ERROR;
				CLANG_WARN_QUOTED_INCLUDE_IN_FRAMEWORK_HEADER = YES;
				CLANG_WARN_RANGE_LOOP_ANALYSIS = YES;
				CLANG_WARN_STRICT_PROTOTYPES = YES;
				CLANG_WARN_SUSPICIOUS_MOVE = YES;
				CLANG_WARN_UNGUARDED_AVAILABILITY = YES_AGGRESSIVE;
				CLANG_WARN_UNREACHABLE_CODE = YES;
				CLANG_WARN__DUPLICATE_METHOD_MATCH = YES;
				COPY_PHASE_STRIP = NO;
				DEBUG_INFORMATION_FORMAT = "dwarf-with-dsym";
				ENABLE_STRICT_OBJC_MSGSEND = YES;
				ENABLE_TESTABILITY = YES;
				GCC_C_LANGUAGE_STANDARD = gnu11;
				GCC_DYNAMIC_NO_PIC = NO;
				GCC_NO_COMMON_BLOCKS = YES;
				GCC_OPTIMIZATION_LEVEL = 0;
				GCC_PREPROCESSOR_DEFINITIONS = (
					"DEBUG=1",
					"$(inherited)",
				);
				GCC_WARN_64_TO_32_BIT_CONVERSION = YES;
				GCC_WARN_ABOUT_RETURN_TYPE = YES_ERROR;
				GCC_WARN_UNDECLARED_SELECTOR = YES;
				GCC_WARN_UNINITIALIZED_AUTOS = YES_AGGRESSIVE;
				GCC_WARN_UNUSED_FUNCTION = YES;
				GCC_WARN_UNUSED_VARIABLE = YES;
				IPHONEOS_DEPLOYMENT_TARGET = 14.1;
				MTL_ENABLE_DEBUG_INFO = INCLUDE_SOURCE;
				MTL_FAST_MATH = YES;
				ONLY_ACTIVE_ARCH = YES;
				SDKROOT = iphoneos;
				SWIFT_ACTIVE_COMPILATION_CONDITIONS = DEBUG;
				SWIFT_OPTIMIZATION_LEVEL = "-Onone";
			};
			name = Debug;
		};
		7555FFA4242A565B00829871 /* Release */ = {
			isa = XCBuildConfiguration;
			baseConfigurationReference = AB3632DC29227652001CCB65 /* Config.xcconfig */;
			buildSettings = {
				ALWAYS_SEARCH_USER_PATHS = NO;
				CLANG_ANALYZER_NONNULL = YES;
				CLANG_ANALYZER_NUMBER_OBJECT_CONVERSION = YES_AGGRESSIVE;
				CLANG_CXX_LANGUAGE_STANDARD = "gnu++14";
				CLANG_CXX_LIBRARY = "libc++";
				CLANG_ENABLE_MODULES = YES;
				CLANG_ENABLE_OBJC_ARC = YES;
				CLANG_ENABLE_OBJC_WEAK = YES;
				CLANG_WARN_BLOCK_CAPTURE_AUTORELEASING = YES;
				CLANG_WARN_BOOL_CONVERSION = YES;
				CLANG_WARN_COMMA = YES;
				CLANG_WARN_CONSTANT_CONVERSION = YES;
				CLANG_WARN_DEPRECATED_OBJC_IMPLEMENTATIONS = YES;
				CLANG_WARN_DIRECT_OBJC_ISA_USAGE = YES_ERROR;
				CLANG_WARN_DOCUMENTATION_COMMENTS = YES;
				CLANG_WARN_EMPTY_BODY = YES;
				CLANG_WARN_ENUM_CONVERSION = YES;
				CLANG_WARN_INFINITE_RECURSION = YES;
				CLANG_WARN_INT_CONVERSION = YES;
				CLANG_WARN_NON_LITERAL_NULL_CONVERSION = YES;
				CLANG_WARN_OBJC_IMPLICIT_RETAIN_SELF = YES;
				CLANG_WARN_OBJC_LITERAL_CONVERSION = YES;
				CLANG_WARN_OBJC_ROOT_CLASS = YES_ERROR;
				CLANG_WARN_QUOTED_INCLUDE_IN_FRAMEWORK_HEADER = YES;
				CLANG_WARN_RANGE_LOOP_ANALYSIS = YES;
				CLANG_WARN_STRICT_PROTOTYPES = YES;
				CLANG_WARN_SUSPICIOUS_MOVE = YES;
				CLANG_WARN_UNGUARDED_AVAILABILITY = YES_AGGRESSIVE;
				CLANG_WARN_UNREACHABLE_CODE = YES;
				CLANG_WARN__DUPLICATE_METHOD_MATCH = YES;
				COPY_PHASE_STRIP = NO;
				DEBUG_INFORMATION_FORMAT = "dwarf-with-dsym";
				ENABLE_NS_ASSERTIONS = NO;
				ENABLE_STRICT_OBJC_MSGSEND = YES;
				GCC_C_LANGUAGE_STANDARD = gnu11;
				GCC_NO_COMMON_BLOCKS = YES;
				GCC_WARN_64_TO_32_BIT_CONVERSION = YES;
				GCC_WARN_ABOUT_RETURN_TYPE = YES_ERROR;
				GCC_WARN_UNDECLARED_SELECTOR = YES;
				GCC_WARN_UNINITIALIZED_AUTOS = YES_AGGRESSIVE;
				GCC_WARN_UNUSED_FUNCTION = YES;
				GCC_WARN_UNUSED_VARIABLE = YES;
				IPHONEOS_DEPLOYMENT_TARGET = 14.1;
				MTL_ENABLE_DEBUG_INFO = NO;
				MTL_FAST_MATH = YES;
				SDKROOT = iphoneos;
				SWIFT_COMPILATION_MODE = wholemodule;
				SWIFT_OPTIMIZATION_LEVEL = "-O";
				VALIDATE_PRODUCT = YES;
			};
			name = Release;
		};
		7555FFA6242A565B00829871 /* Debug */ = {
			isa = XCBuildConfiguration;
			baseConfigurationReference = 4FF3202A603A284706412EDC /* Pods-iosApp.debug.xcconfig */;
			buildSettings = {
				ASSETCATALOG_COMPILER_APPICON_NAME = AppIcon;
				CODE_SIGN_IDENTITY = "Apple Development";
				CODE_SIGN_STYLE = Automatic;
				DEVELOPMENT_ASSET_PATHS = "\"iosApp/Preview Content\"";
				DEVELOPMENT_TEAM = 95UD76R944;
				ENABLE_PREVIEWS = YES;
				INFOPLIST_FILE = iosApp/Info.plist;
				IPHONEOS_DEPLOYMENT_TARGET = 14.1;
				LD_RUNPATH_SEARCH_PATHS = (
					"$(inherited)",
					"@executable_path/Frameworks",
				);
				PRODUCT_BUNDLE_IDENTIFIER = com.theChance101.MyApplication;
				PRODUCT_NAME = "${APP_NAME}";
				PROVISIONING_PROFILE_SPECIFIER = "";
				SWIFT_VERSION = 5.0;
				TARGETED_DEVICE_FAMILY = "1,2";
			};
			name = Debug;
		};
		7555FFA7242A565B00829871 /* Release */ = {
			isa = XCBuildConfiguration;
			baseConfigurationReference = FF8CA3F5360CEAB49D74065F /* Pods-iosApp.release.xcconfig */;
			buildSettings = {
				ASSETCATALOG_COMPILER_APPICON_NAME = AppIcon;
				CODE_SIGN_IDENTITY = "Apple Development";
				CODE_SIGN_STYLE = Automatic;
				DEVELOPMENT_ASSET_PATHS = "\"iosApp/Preview Content\"";
				DEVELOPMENT_TEAM = 95UD76R944;
				ENABLE_PREVIEWS = YES;
				INFOPLIST_FILE = iosApp/Info.plist;
				IPHONEOS_DEPLOYMENT_TARGET = 14.1;
				LD_RUNPATH_SEARCH_PATHS = (
					"$(inherited)",
					"@executable_path/Frameworks",
				);
				PRODUCT_BUNDLE_IDENTIFIER = com.theChance101.MyApplication;
				PRODUCT_NAME = "${APP_NAME}";
				PROVISIONING_PROFILE_SPECIFIER = "";
				SWIFT_VERSION = 5.0;
				TARGETED_DEVICE_FAMILY = "1,2";
			};
			name = Release;
		};
/* End XCBuildConfiguration section */

/* Begin XCConfigurationList section */
		7555FF76242A565900829871 /* Build configuration list for PBXProject "iosApp" */ = {
			isa = XCConfigurationList;
			buildConfigurations = (
				7555FFA3242A565B00829871 /* Debug */,
				7555FFA4242A565B00829871 /* Release */,
			);
			defaultConfigurationIsVisible = 0;
			defaultConfigurationName = Release;
		};
		7555FFA5242A565B00829871 /* Build configuration list for PBXNativeTarget "iosApp" */ = {
			isa = XCConfigurationList;
			buildConfigurations = (
				7555FFA6242A565B00829871 /* Debug */,
				7555FFA7242A565B00829871 /* Release */,
			);
			defaultConfigurationIsVisible = 0;
			defaultConfigurationName = Release;
		};
/* End XCConfigurationList section */

/* Begin XCRemoteSwiftPackageReference section */
		55E05A702AF7821700A51B38 /* XCRemoteSwiftPackageReference "firebase-ios-sdk.git" */ = {
			isa = XCRemoteSwiftPackageReference;
			repositoryURL = "https://github.com/firebase/firebase-ios-sdk.git";
			requirement = {
				kind = upToNextMajorVersion;
				minimumVersion = 10.17.0;
			};
		};
/* End XCRemoteSwiftPackageReference section */

/* Begin XCSwiftPackageProductDependency section */
		55E05A712AF7821700A51B38 /* FirebaseAnalytics */ = {
			isa = XCSwiftPackageProductDependency;
			package = 55E05A702AF7821700A51B38 /* XCRemoteSwiftPackageReference "firebase-ios-sdk.git" */;
			productName = FirebaseAnalytics;
		};
		55E05A732AF7821700A51B38 /* FirebaseAnalyticsOnDeviceConversion */ = {
			isa = XCSwiftPackageProductDependency;
			package = 55E05A702AF7821700A51B38 /* XCRemoteSwiftPackageReference "firebase-ios-sdk.git" */;
			productName = FirebaseAnalyticsOnDeviceConversion;
		};
		55E05A752AF7821700A51B38 /* FirebaseAnalyticsSwift */ = {
			isa = XCSwiftPackageProductDependency;
			package = 55E05A702AF7821700A51B38 /* XCRemoteSwiftPackageReference "firebase-ios-sdk.git" */;
			productName = FirebaseAnalyticsSwift;
		};
		55E05A772AF7821700A51B38 /* FirebaseAnalyticsWithoutAdIdSupport */ = {
			isa = XCSwiftPackageProductDependency;
			package = 55E05A702AF7821700A51B38 /* XCRemoteSwiftPackageReference "firebase-ios-sdk.git" */;
			productName = FirebaseAnalyticsWithoutAdIdSupport;
		};
		55E05A792AF7821700A51B38 /* FirebaseAppCheck */ = {
			isa = XCSwiftPackageProductDependency;
			package = 55E05A702AF7821700A51B38 /* XCRemoteSwiftPackageReference "firebase-ios-sdk.git" */;
			productName = FirebaseAppCheck;
		};
		55E355282AF945150053EB62 /* FirebaseAnalytics */ = {
			isa = XCSwiftPackageProductDependency;
			package = 55E05A702AF7821700A51B38 /* XCRemoteSwiftPackageReference "firebase-ios-sdk.git" */;
			productName = FirebaseAnalytics;
		};
		55E3552A2AF945150053EB62 /* FirebaseAnalyticsOnDeviceConversion */ = {
			isa = XCSwiftPackageProductDependency;
			package = 55E05A702AF7821700A51B38 /* XCRemoteSwiftPackageReference "firebase-ios-sdk.git" */;
			productName = FirebaseAnalyticsOnDeviceConversion;
		};
		55E3552C2AF945150053EB62 /* FirebaseAnalyticsSwift */ = {
			isa = XCSwiftPackageProductDependency;
			package = 55E05A702AF7821700A51B38 /* XCRemoteSwiftPackageReference "firebase-ios-sdk.git" */;
			productName = FirebaseAnalyticsSwift;
		};
		55E3552E2AF945150053EB62 /* FirebaseAnalyticsWithoutAdIdSupport */ = {
			isa = XCSwiftPackageProductDependency;
			package = 55E05A702AF7821700A51B38 /* XCRemoteSwiftPackageReference "firebase-ios-sdk.git" */;
			productName = FirebaseAnalyticsWithoutAdIdSupport;
		};
		55E355302AF945150053EB62 /* FirebaseAppCheck */ = {
			isa = XCSwiftPackageProductDependency;
			package = 55E05A702AF7821700A51B38 /* XCRemoteSwiftPackageReference "firebase-ios-sdk.git" */;
			productName = FirebaseAppCheck;
		};
		55E355322AF945150053EB62 /* FirebaseAppDistribution-Beta */ = {
			isa = XCSwiftPackageProductDependency;
			package = 55E05A702AF7821700A51B38 /* XCRemoteSwiftPackageReference "firebase-ios-sdk.git" */;
			productName = "FirebaseAppDistribution-Beta";
		};
		55E355342AF945150053EB62 /* FirebaseAuth */ = {
			isa = XCSwiftPackageProductDependency;
			package = 55E05A702AF7821700A51B38 /* XCRemoteSwiftPackageReference "firebase-ios-sdk.git" */;
			productName = FirebaseAuth;
		};
		55E355362AF945150053EB62 /* FirebaseAuthCombine-Community */ = {
			isa = XCSwiftPackageProductDependency;
			package = 55E05A702AF7821700A51B38 /* XCRemoteSwiftPackageReference "firebase-ios-sdk.git" */;
			productName = "FirebaseAuthCombine-Community";
		};
		55E355382AF945150053EB62 /* FirebaseCrashlytics */ = {
			isa = XCSwiftPackageProductDependency;
			package = 55E05A702AF7821700A51B38 /* XCRemoteSwiftPackageReference "firebase-ios-sdk.git" */;
			productName = FirebaseCrashlytics;
		};
		55E3553A2AF945150053EB62 /* FirebaseDatabase */ = {
			isa = XCSwiftPackageProductDependency;
			package = 55E05A702AF7821700A51B38 /* XCRemoteSwiftPackageReference "firebase-ios-sdk.git" */;
			productName = FirebaseDatabase;
		};
		55E3553C2AF945150053EB62 /* FirebaseDatabaseSwift */ = {
			isa = XCSwiftPackageProductDependency;
			package = 55E05A702AF7821700A51B38 /* XCRemoteSwiftPackageReference "firebase-ios-sdk.git" */;
			productName = FirebaseDatabaseSwift;
		};
		55E3553E2AF945150053EB62 /* FirebaseDynamicLinks */ = {
			isa = XCSwiftPackageProductDependency;
			package = 55E05A702AF7821700A51B38 /* XCRemoteSwiftPackageReference "firebase-ios-sdk.git" */;
			productName = FirebaseDynamicLinks;
		};
		55E355402AF945150053EB62 /* FirebaseFirestore */ = {
			isa = XCSwiftPackageProductDependency;
			package = 55E05A702AF7821700A51B38 /* XCRemoteSwiftPackageReference "firebase-ios-sdk.git" */;
			productName = FirebaseFirestore;
		};
		55E355422AF945150053EB62 /* FirebaseFirestoreCombine-Community */ = {
			isa = XCSwiftPackageProductDependency;
			package = 55E05A702AF7821700A51B38 /* XCRemoteSwiftPackageReference "firebase-ios-sdk.git" */;
			productName = "FirebaseFirestoreCombine-Community";
		};
		55E355442AF945150053EB62 /* FirebaseFirestoreSwift */ = {
			isa = XCSwiftPackageProductDependency;
			package = 55E05A702AF7821700A51B38 /* XCRemoteSwiftPackageReference "firebase-ios-sdk.git" */;
			productName = FirebaseFirestoreSwift;
		};
		55E355462AF945150053EB62 /* FirebaseFunctions */ = {
			isa = XCSwiftPackageProductDependency;
			package = 55E05A702AF7821700A51B38 /* XCRemoteSwiftPackageReference "firebase-ios-sdk.git" */;
			productName = FirebaseFunctions;
		};
		55E355482AF945150053EB62 /* FirebaseFunctionsCombine-Community */ = {
			isa = XCSwiftPackageProductDependency;
			package = 55E05A702AF7821700A51B38 /* XCRemoteSwiftPackageReference "firebase-ios-sdk.git" */;
			productName = "FirebaseFunctionsCombine-Community";
		};
		55E3554A2AF945150053EB62 /* FirebaseInAppMessaging-Beta */ = {
			isa = XCSwiftPackageProductDependency;
			package = 55E05A702AF7821700A51B38 /* XCRemoteSwiftPackageReference "firebase-ios-sdk.git" */;
			productName = "FirebaseInAppMessaging-Beta";
		};
		55E3554C2AF945150053EB62 /* FirebaseInAppMessagingSwift-Beta */ = {
			isa = XCSwiftPackageProductDependency;
			package = 55E05A702AF7821700A51B38 /* XCRemoteSwiftPackageReference "firebase-ios-sdk.git" */;
			productName = "FirebaseInAppMessagingSwift-Beta";
		};
		55E3554E2AF945150053EB62 /* FirebaseInstallations */ = {
			isa = XCSwiftPackageProductDependency;
			package = 55E05A702AF7821700A51B38 /* XCRemoteSwiftPackageReference "firebase-ios-sdk.git" */;
			productName = FirebaseInstallations;
		};
		55E355502AF945150053EB62 /* FirebaseMLModelDownloader */ = {
			isa = XCSwiftPackageProductDependency;
			package = 55E05A702AF7821700A51B38 /* XCRemoteSwiftPackageReference "firebase-ios-sdk.git" */;
			productName = FirebaseMLModelDownloader;
		};
		55E355522AF945150053EB62 /* FirebaseMessaging */ = {
			isa = XCSwiftPackageProductDependency;
			package = 55E05A702AF7821700A51B38 /* XCRemoteSwiftPackageReference "firebase-ios-sdk.git" */;
			productName = FirebaseMessaging;
		};
		55E355542AF945150053EB62 /* FirebasePerformance */ = {
			isa = XCSwiftPackageProductDependency;
			package = 55E05A702AF7821700A51B38 /* XCRemoteSwiftPackageReference "firebase-ios-sdk.git" */;
			productName = FirebasePerformance;
		};
		55E355562AF945150053EB62 /* FirebaseRemoteConfig */ = {
			isa = XCSwiftPackageProductDependency;
			package = 55E05A702AF7821700A51B38 /* XCRemoteSwiftPackageReference "firebase-ios-sdk.git" */;
			productName = FirebaseRemoteConfig;
		};
		55E355582AF945150053EB62 /* FirebaseRemoteConfigSwift */ = {
			isa = XCSwiftPackageProductDependency;
			package = 55E05A702AF7821700A51B38 /* XCRemoteSwiftPackageReference "firebase-ios-sdk.git" */;
			productName = FirebaseRemoteConfigSwift;
		};
		55E3555A2AF945150053EB62 /* FirebaseStorage */ = {
			isa = XCSwiftPackageProductDependency;
			package = 55E05A702AF7821700A51B38 /* XCRemoteSwiftPackageReference "firebase-ios-sdk.git" */;
			productName = FirebaseStorage;
		};
		55E3555C2AF945150053EB62 /* FirebaseStorageCombine-Community */ = {
			isa = XCSwiftPackageProductDependency;
			package = 55E05A702AF7821700A51B38 /* XCRemoteSwiftPackageReference "firebase-ios-sdk.git" */;
			productName = "FirebaseStorageCombine-Community";
		};
		55E3555E2AF945670053EB62 /* FirebaseAnalytics */ = {
			isa = XCSwiftPackageProductDependency;
			package = 55E05A702AF7821700A51B38 /* XCRemoteSwiftPackageReference "firebase-ios-sdk.git" */;
			productName = FirebaseAnalytics;
		};
		55E355602AF945670053EB62 /* FirebaseAnalyticsOnDeviceConversion */ = {
			isa = XCSwiftPackageProductDependency;
			package = 55E05A702AF7821700A51B38 /* XCRemoteSwiftPackageReference "firebase-ios-sdk.git" */;
			productName = FirebaseAnalyticsOnDeviceConversion;
		};
		55E355622AF945670053EB62 /* FirebaseAnalyticsSwift */ = {
			isa = XCSwiftPackageProductDependency;
			package = 55E05A702AF7821700A51B38 /* XCRemoteSwiftPackageReference "firebase-ios-sdk.git" */;
			productName = FirebaseAnalyticsSwift;
		};
		55E355642AF945670053EB62 /* FirebaseAnalyticsWithoutAdIdSupport */ = {
			isa = XCSwiftPackageProductDependency;
			package = 55E05A702AF7821700A51B38 /* XCRemoteSwiftPackageReference "firebase-ios-sdk.git" */;
			productName = FirebaseAnalyticsWithoutAdIdSupport;
		};
		55E355662AF945670053EB62 /* FirebaseAppCheck */ = {
			isa = XCSwiftPackageProductDependency;
			package = 55E05A702AF7821700A51B38 /* XCRemoteSwiftPackageReference "firebase-ios-sdk.git" */;
			productName = FirebaseAppCheck;
		};
		55E355682AF945670053EB62 /* FirebaseAppDistribution-Beta */ = {
			isa = XCSwiftPackageProductDependency;
			package = 55E05A702AF7821700A51B38 /* XCRemoteSwiftPackageReference "firebase-ios-sdk.git" */;
			productName = "FirebaseAppDistribution-Beta";
		};
		55E3556A2AF945670053EB62 /* FirebaseAuth */ = {
			isa = XCSwiftPackageProductDependency;
			package = 55E05A702AF7821700A51B38 /* XCRemoteSwiftPackageReference "firebase-ios-sdk.git" */;
			productName = FirebaseAuth;
		};
		55E3556C2AF945670053EB62 /* FirebaseAuthCombine-Community */ = {
			isa = XCSwiftPackageProductDependency;
			package = 55E05A702AF7821700A51B38 /* XCRemoteSwiftPackageReference "firebase-ios-sdk.git" */;
			productName = "FirebaseAuthCombine-Community";
		};
		55E3556E2AF945670053EB62 /* FirebaseCrashlytics */ = {
			isa = XCSwiftPackageProductDependency;
			package = 55E05A702AF7821700A51B38 /* XCRemoteSwiftPackageReference "firebase-ios-sdk.git" */;
			productName = FirebaseCrashlytics;
		};
		55E355702AF945670053EB62 /* FirebaseDatabase */ = {
			isa = XCSwiftPackageProductDependency;
			package = 55E05A702AF7821700A51B38 /* XCRemoteSwiftPackageReference "firebase-ios-sdk.git" */;
			productName = FirebaseDatabase;
		};
		55E355722AF945670053EB62 /* FirebaseDatabaseSwift */ = {
			isa = XCSwiftPackageProductDependency;
			package = 55E05A702AF7821700A51B38 /* XCRemoteSwiftPackageReference "firebase-ios-sdk.git" */;
			productName = FirebaseDatabaseSwift;
		};
		55E355742AF945670053EB62 /* FirebaseDynamicLinks */ = {
			isa = XCSwiftPackageProductDependency;
			package = 55E05A702AF7821700A51B38 /* XCRemoteSwiftPackageReference "firebase-ios-sdk.git" */;
			productName = FirebaseDynamicLinks;
		};
		55E355762AF945670053EB62 /* FirebaseFirestore */ = {
			isa = XCSwiftPackageProductDependency;
			package = 55E05A702AF7821700A51B38 /* XCRemoteSwiftPackageReference "firebase-ios-sdk.git" */;
			productName = FirebaseFirestore;
		};
		55E355782AF945670053EB62 /* FirebaseFirestoreCombine-Community */ = {
			isa = XCSwiftPackageProductDependency;
			package = 55E05A702AF7821700A51B38 /* XCRemoteSwiftPackageReference "firebase-ios-sdk.git" */;
			productName = "FirebaseFirestoreCombine-Community";
		};
		55E3557A2AF945670053EB62 /* FirebaseFirestoreSwift */ = {
			isa = XCSwiftPackageProductDependency;
			package = 55E05A702AF7821700A51B38 /* XCRemoteSwiftPackageReference "firebase-ios-sdk.git" */;
			productName = FirebaseFirestoreSwift;
		};
		55E3557C2AF945670053EB62 /* FirebaseFunctions */ = {
			isa = XCSwiftPackageProductDependency;
			package = 55E05A702AF7821700A51B38 /* XCRemoteSwiftPackageReference "firebase-ios-sdk.git" */;
			productName = FirebaseFunctions;
		};
		55E3557E2AF945670053EB62 /* FirebaseFunctionsCombine-Community */ = {
			isa = XCSwiftPackageProductDependency;
			package = 55E05A702AF7821700A51B38 /* XCRemoteSwiftPackageReference "firebase-ios-sdk.git" */;
			productName = "FirebaseFunctionsCombine-Community";
		};
		55E355802AF945670053EB62 /* FirebaseInAppMessaging-Beta */ = {
			isa = XCSwiftPackageProductDependency;
			package = 55E05A702AF7821700A51B38 /* XCRemoteSwiftPackageReference "firebase-ios-sdk.git" */;
			productName = "FirebaseInAppMessaging-Beta";
		};
		55E355822AF945670053EB62 /* FirebaseInAppMessagingSwift-Beta */ = {
			isa = XCSwiftPackageProductDependency;
			package = 55E05A702AF7821700A51B38 /* XCRemoteSwiftPackageReference "firebase-ios-sdk.git" */;
			productName = "FirebaseInAppMessagingSwift-Beta";
		};
		55E355842AF945670053EB62 /* FirebaseInstallations */ = {
			isa = XCSwiftPackageProductDependency;
			package = 55E05A702AF7821700A51B38 /* XCRemoteSwiftPackageReference "firebase-ios-sdk.git" */;
			productName = FirebaseInstallations;
		};
		55E355862AF945670053EB62 /* FirebaseMLModelDownloader */ = {
			isa = XCSwiftPackageProductDependency;
			package = 55E05A702AF7821700A51B38 /* XCRemoteSwiftPackageReference "firebase-ios-sdk.git" */;
			productName = FirebaseMLModelDownloader;
		};
		55E355882AF945670053EB62 /* FirebaseMessaging */ = {
			isa = XCSwiftPackageProductDependency;
			package = 55E05A702AF7821700A51B38 /* XCRemoteSwiftPackageReference "firebase-ios-sdk.git" */;
			productName = FirebaseMessaging;
		};
		55E3558A2AF945670053EB62 /* FirebasePerformance */ = {
			isa = XCSwiftPackageProductDependency;
			package = 55E05A702AF7821700A51B38 /* XCRemoteSwiftPackageReference "firebase-ios-sdk.git" */;
			productName = FirebasePerformance;
		};
		55E3558C2AF945670053EB62 /* FirebaseRemoteConfig */ = {
			isa = XCSwiftPackageProductDependency;
			package = 55E05A702AF7821700A51B38 /* XCRemoteSwiftPackageReference "firebase-ios-sdk.git" */;
			productName = FirebaseRemoteConfig;
		};
		55E3558E2AF945670053EB62 /* FirebaseRemoteConfigSwift */ = {
			isa = XCSwiftPackageProductDependency;
			package = 55E05A702AF7821700A51B38 /* XCRemoteSwiftPackageReference "firebase-ios-sdk.git" */;
			productName = FirebaseRemoteConfigSwift;
		};
		55E355902AF945670053EB62 /* FirebaseStorage */ = {
			isa = XCSwiftPackageProductDependency;
			package = 55E05A702AF7821700A51B38 /* XCRemoteSwiftPackageReference "firebase-ios-sdk.git" */;
			productName = FirebaseStorage;
		};
		55E355922AF945670053EB62 /* FirebaseStorageCombine-Community */ = {
			isa = XCSwiftPackageProductDependency;
			package = 55E05A702AF7821700A51B38 /* XCRemoteSwiftPackageReference "firebase-ios-sdk.git" */;
			productName = "FirebaseStorageCombine-Community";
		};
/* End XCSwiftPackageProductDependency section */
	};
	rootObject = 7555FF73242A565900829871 /* Project object */;
}
