PODS:
  - shared (1.0.0)

DEPENDENCIES:
  - shared (from `../../design_system/shared/`)

EXTERNAL SOURCES:
  shared:
    :path: "../../design_system/shared/"

SPEC CHECKSUMS:
  shared: 0dfbe2865e94d8e9e1556386e4c2af53ca863f2d

PODFILE CHECKSUM: 1f6446453a7580f99d3a2b6a4ae82006c67c1b1f

COCOAPODS: 1.12.1
